
Microsoft Visual Studio Solution File, Format Version 12.00
# Visual Studio Version 17
VisualStudioVersion = 17.6.33712.159
MinimumVisualStudioVersion = 10.0.40219.1
Project("{FAE04EC0-301F-11D3-BF4B-00C04F79EFBC}") = "IT391U2B", "IT391U2B\IT391U2B.csproj", "{84A8673E-1EA9-41FB-B82F-FE6DB2E59410}"
EndProject
Global
	GlobalSection(SolutionConfigurationPlatforms) = preSolution
		Debug|Any CPU = Debug|Any CPU
		Release|Any CPU = Release|Any CPU
	EndGlobalSection
	GlobalSection(ProjectConfigurationPlatforms) = postSolution
		{84A8673E-1EA9-41FB-B82F-FE6DB2E59410}.Debug|Any CPU.ActiveCfg = Debug|Any CPU
		{84A8673E-1EA9-41FB-B82F-FE6DB2E59410}.Debug|Any CPU.Build.0 = Debug|Any CPU
		{84A8673E-1EA9-41FB-B82F-FE6DB2E59410}.Release|Any CPU.ActiveCfg = Release|Any CPU
		{84A8673E-1EA9-41FB-B82F-FE6DB2E59410}.Release|Any CPU.Build.0 = Release|Any CPU
	EndGlobalSection
	GlobalSection(SolutionProperties) = preSolution
		HideSolutionNode = FALSE
	EndGlobalSection
	GlobalSection(ExtensibilityGlobals) = postSolution
		SolutionGuid = {E9A1AF98-E7D2-4EB8-AAB4-EF3878C541CD}
	EndGlobalSection
EndGlobal
